
Microsoft Visual Studio Solution File, Format Version 12.00
# Visual Studio Version 16
VisualStudioVersion = 16.0.30523.141
MinimumVisualStudioVersion = 10.0.40219.1
Project("{FAE04EC0-301F-11D3-BF4B-00C04F79EFBC}") = "ChatingApp.client", "ChatingApp\ChatingApp.client.csproj", "{C2A056ED-13E3-4F7F-8F50-9235811868A3}"
EndProject
Project("{FAE04EC0-301F-11D3-BF4B-00C04F79EFBC}") = "ChatingApp.server", "ChatingApp.server\ChatingApp.server.csproj", "{7063A457-0BE2-4642-87AE-64CE488E34AE}"
EndProject
Global
	GlobalSection(SolutionConfigurationPlatforms) = preSolution
		Debug|Any CPU = Debug|Any CPU
		Release|Any CPU = Release|Any CPU
	EndGlobalSection
	GlobalSection(ProjectConfigurationPlatforms) = postSolution
		{C2A056ED-13E3-4F7F-8F50-9235811868A3}.Debug|Any CPU.ActiveCfg = Debug|Any CPU
		{C2A056ED-13E3-4F7F-8F50-9235811868A3}.Debug|Any CPU.Build.0 = Debug|Any CPU
		{C2A056ED-13E3-4F7F-8F50-9235811868A3}.Release|Any CPU.ActiveCfg = Release|Any CPU
		{C2A056ED-13E3-4F7F-8F50-9235811868A3}.Release|Any CPU.Build.0 = Release|Any CPU
		{7063A457-0BE2-4642-87AE-64CE488E34AE}.Debug|Any CPU.ActiveCfg = Debug|Any CPU
		{7063A457-0BE2-4642-87AE-64CE488E34AE}.Debug|Any CPU.Build.0 = Debug|Any CPU
		{7063A457-0BE2-4642-87AE-64CE488E34AE}.Release|Any CPU.ActiveCfg = Release|Any CPU
		{7063A457-0BE2-4642-87AE-64CE488E34AE}.Release|Any CPU.Build.0 = Release|Any CPU
	EndGlobalSection
	GlobalSection(SolutionProperties) = preSolution
		HideSolutionNode = FALSE
	EndGlobalSection
	GlobalSection(ExtensibilityGlobals) = postSolution
		SolutionGuid = {13CCC499-D4A0-4181-BD5D-15AC6627CE1C}
	EndGlobalSection
EndGlobal
